
Microsoft Visual Studio Solution File, Format Version 12.00
# Visual Studio Version 17
VisualStudioVersion = 17.7.34031.279
MinimumVisualStudioVersion = 10.0.40219.1
Project("{9A19103F-16F7-4668-BE54-9A1E7A4F7556}") = "LoanSharkMVC", "LoanSharkMVC\LoanSharkMVC.csproj", "{B2E7B873-2FAC-4B42-B568-0C869150E190}"
EndProject
Global
	GlobalSection(SolutionConfigurationPlatforms) = preSolution
		Debug|Any CPU = Debug|Any CPU
		Release|Any CPU = Release|Any CPU
	EndGlobalSection
	GlobalSection(ProjectConfigurationPlatforms) = postSolution
		{B2E7B873-2FAC-4B42-B568-0C869150E190}.Debug|Any CPU.ActiveCfg = Debug|Any CPU
		{B2E7B873-2FAC-4B42-B568-0C869150E190}.Debug|Any CPU.Build.0 = Debug|Any CPU
		{B2E7B873-2FAC-4B42-B568-0C869150E190}.Release|Any CPU.ActiveCfg = Release|Any CPU
		{B2E7B873-2FAC-4B42-B568-0C869150E190}.Release|Any CPU.Build.0 = Release|Any CPU
	EndGlobalSection
	GlobalSection(SolutionProperties) = preSolution
		HideSolutionNode = FALSE
	EndGlobalSection
	GlobalSection(ExtensibilityGlobals) = postSolution
		SolutionGuid = {A552FC53-FBEC-4FF0-A960-AC65141A42C3}
	EndGlobalSection
EndGlobal
